
Microsoft Visual Studio Solution File, Format Version 12.00
# Visual Studio 2012
Project("{FAE04EC0-301F-11D3-BF4B-00C04F79EFBC}") = "ProductsService", "ProductsService\ProductsService.csproj", "{6940ECCB-971C-49A8-9736-14E078E21334}"
EndProject
Global
	GlobalSection(SolutionConfigurationPlatforms) = preSolution
		Debug|Any CPU = Debug|Any CPU
		Release|Any CPU = Release|Any CPU
	EndGlobalSection
	GlobalSection(ProjectConfigurationPlatforms) = postSolution
		{6940ECCB-971C-49A8-9736-14E078E21334}.Debug|Any CPU.ActiveCfg = Debug|Any CPU
		{6940ECCB-971C-49A8-9736-14E078E21334}.Debug|Any CPU.Build.0 = Debug|Any CPU
		{6940ECCB-971C-49A8-9736-14E078E21334}.Release|Any CPU.ActiveCfg = Release|Any CPU
		{6940ECCB-971C-49A8-9736-14E078E21334}.Release|Any CPU.Build.0 = Release|Any CPU
	EndGlobalSection
	GlobalSection(SolutionProperties) = preSolution
		HideSolutionNode = FALSE
	EndGlobalSection
EndGlobal
